
Microsoft Visual Studio Solution File, Format Version 12.00
# Visual Studio 2013
VisualStudioVersion = 12.0.31101.0
MinimumVisualStudioVersion = 10.0.40219.1
Project("{FAE04EC0-301F-11D3-BF4B-00C04F79EFBC}") = "Calculator", "Calculator.csproj", "{106B9E0D-D42C-40CB-B51F-B62FB3221D85}"
EndProject
Project("{FAE04EC0-301F-11D3-BF4B-00C04F79EFBC}") = "Calculator.Tests", "..\Calculator.Tests\Calculator.Tests.csproj", "{1B7195DE-9090-4DD7-B605-BCA04B26E12B}"
EndProject
Global
	GlobalSection(SolutionConfigurationPlatforms) = preSolution
		Debug|Any CPU = Debug|Any CPU
		Release|Any CPU = Release|Any CPU
	EndGlobalSection
	GlobalSection(ProjectConfigurationPlatforms) = postSolution
		{106B9E0D-D42C-40CB-B51F-B62FB3221D85}.Debug|Any CPU.ActiveCfg = Debug|Any CPU
		{106B9E0D-D42C-40CB-B51F-B62FB3221D85}.Debug|Any CPU.Build.0 = Debug|Any CPU
		{106B9E0D-D42C-40CB-B51F-B62FB3221D85}.Release|Any CPU.ActiveCfg = Release|Any CPU
		{106B9E0D-D42C-40CB-B51F-B62FB3221D85}.Release|Any CPU.Build.0 = Release|Any CPU
		{1B7195DE-9090-4DD7-B605-BCA04B26E12B}.Debug|Any CPU.ActiveCfg = Debug|Any CPU
		{1B7195DE-9090-4DD7-B605-BCA04B26E12B}.Debug|Any CPU.Build.0 = Debug|Any CPU
		{1B7195DE-9090-4DD7-B605-BCA04B26E12B}.Release|Any CPU.ActiveCfg = Release|Any CPU
		{1B7195DE-9090-4DD7-B605-BCA04B26E12B}.Release|Any CPU.Build.0 = Release|Any CPU
	EndGlobalSection
	GlobalSection(SolutionProperties) = preSolution
		HideSolutionNode = FALSE
	EndGlobalSection
EndGlobal
